{
  "name": "dependency-bundle",
  "version": "0.1.4",
  "lockfileVersion": 2,
  "requires": true,
  "packages": {
    "": {
      "version": "0.1.4",
      "license": "MIT",
      "dependencies": {
        "another-dependency": "0.1.3"
      }
    },
    "node_modules/another-dependency": {
      "version": "0.1.3",
      "resolved": "https://registry.npmjs.org/another-dependency/-/another-dependency-0.1.3.tgz",
      "integrity": "sha512-ezYmutIp3YsHl/HtjaNEb1Q5eZsCEAVHqogh4mRI6GrTLBcNrqa8USZhnCwuF9pleLJdnZF5f2Eyep9mbuIVkQ==",
      "license": "MIT"
    }
  },
  "dependencies": {
    "another-dependency": {
      "version": "0.1.3",
      "resolved": "https://registry.npmjs.org/another-dependency/-/another-dependency-0.1.3.tgz",
      "integrity": "sha512-ezYmutIp3YsHl/HtjaNEb1Q5eZsCEAVHqogh4mRI6GrTLBcNrqa8USZhnCwuF9pleLJdnZF5f2Eyep9mbuIVkQ=="
    }
  }
}
